// !$*UTF8*$!
{
	archiveVersion = 1;
	classes = {
	};
	objectVersion = 56;
	objects = {

/* Begin PBXBuildFile section */
		1157B371462A420EA983688F /* Assets.xcassets in Resources */ = {isa = PBXBuildFile; fileRef = 05E6886AC60E40F8AA11E375 /* Assets.xcassets */; };
		3474AC17FB8D4AB0AB0401FD /* MockData.swift in Sources */ = {isa = PBXBuildFile; fileRef = BAB33DAA41C449B98E32AD49 /* MockData.swift */; };
		48DDAA386F9B4CDFA600A00E /* PageView.swift in Sources */ = {isa = PBXBuildFile; fileRef = 6F56501413E34386A09B826D /* PageView.swift */; };
		499CAECE07C5440D937BF241 /* SheetLayout.swift in Sources */ = {isa = PBXBuildFile; fileRef = 425AAA88C9DE4EB7B8A49091 /* SheetLayout.swift */; };
		539A8C189E194092B2062B96 /* Input.swift in Sources */ = {isa = PBXBuildFile; fileRef = 19CBD829BAE84196A13F68DC /* Input.swift */; };
		55E86FB2F7B2401DB5313B56 /* ExploreCirclesIntroView.swift in Sources */ = {isa = PBXBuildFile; fileRef = D018F79436F54921883352FC /* ExploreCirclesIntroView.swift */; };
		6A2C7F802F3955C900BA430D /* TANDAApp.swift in Sources */ = {isa = PBXBuildFile; fileRef = 6A2C7F792F3955C900BA430D /* TANDAApp.swift */; };
		6A2C7F812F3955C900BA430D /* LegalStep.swift in Sources */ = {isa = PBXBuildFile; fileRef = 6A2C7F712F3955C900BA430D /* LegalStep.swift */; };
		6A2C7F822F3955C900BA430D /* NameStep.swift in Sources */ = {isa = PBXBuildFile; fileRef = 6A2C7F722F3955C900BA430D /* NameStep.swift */; };
		6A2C7F832F3955C900BA430D /* PasswordStrengthBar.swift in Sources */ = {isa = PBXBuildFile; fileRef = 6A2C7F762F3955C900BA430D /* PasswordStrengthBar.swift */; };
		6A2C7F842F3955C900BA430D /* EmailVerificationView.swift in Sources */ = {isa = PBXBuildFile; fileRef = 6A2C7F702F3955C900BA430D /* EmailVerificationView.swift */; };
		6A2C7F852F3955C900BA430D /* PhotoStep.swift in Sources */ = {isa = PBXBuildFile; fileRef = 6A2C7F772F3955C900BA430D /* PhotoStep.swift */; };
		6A2C7F862F3955C900BA430D /* SignUpSheet.swift in Sources */ = {isa = PBXBuildFile; fileRef = 6A2C7F782F3955C900BA430D /* SignUpSheet.swift */; };
		6A2C7F872F3955C900BA430D /* Divider.swift in Sources */ = {isa = PBXBuildFile; fileRef = 6A2C7F7D2F3955C900BA430D /* Divider.swift */; };
		6A2C7F882F3955C900BA430D /* CreatePasswordStep.swift in Sources */ = {isa = PBXBuildFile; fileRef = 6A2C7F6F2F3955C900BA430D /* CreatePasswordStep.swift */; };
		6A2C7F892F3955C900BA430D /* OnboardingContainerView.swift in Sources */ = {isa = PBXBuildFile; fileRef = 6A2C7F732F3955C900BA430D /* OnboardingContainerView.swift */; };
		6A2C7F8A2F3955C900BA430D /* AuthButton.swift in Sources */ = {isa = PBXBuildFile; fileRef = 6A2C7F7A2F3955C900BA430D /* AuthButton.swift */; };
		6A2C7F8B2F3955C900BA430D /* PasswordLoginSheet.swift in Sources */ = {isa = PBXBuildFile; fileRef = 6A2C7F752F3955C900BA430D /* PasswordLoginSheet.swift */; };
		6A2C7F8C2F3955C900BA430D /* CelebrationView.swift in Sources */ = {isa = PBXBuildFile; fileRef = 6A2C7F6E2F3955C900BA430D /* CelebrationView.swift */; };
		6A2C7F8D2F3955C900BA430D /* OnboardingSplash.swift in Sources */ = {isa = PBXBuildFile; fileRef = 6A2C7F742F3955C900BA430D /* OnboardingSplash.swift */; };
		6A2C7F8E2F3955C900BA430D /* Checkbox.swift in Sources */ = {isa = PBXBuildFile; fileRef = 6A2C7F7C2F3955C900BA430D /* Checkbox.swift */; };
		6A2C7F8F2F3955C900BA430D /* OTPInput.swift in Sources */ = {isa = PBXBuildFile; fileRef = 6A2C7F7E2F3955C900BA430D /* OTPInput.swift */; };
		6A2C7F902F3955C900BA430D /* ProgressBar.swift in Sources */ = {isa = PBXBuildFile; fileRef = 6A2C7F7F2F3955C900BA430D /* ProgressBar.swift */; };
		6A2C7F912F3955C900BA430D /* AvatarUpload.swift in Sources */ = {isa = PBXBuildFile; fileRef = 6A2C7F7B2F3955C900BA430D /* AvatarUpload.swift */; };
		6A5649882F3E522500BB0C4D /* PostActions.swift in Sources */ = {isa = PBXBuildFile; fileRef = 6A56497C2F3E522500BB0C4D /* PostActions.swift */; };
		6A5649892F3E522500BB0C4D /* PostCard.swift in Sources */ = {isa = PBXBuildFile; fileRef = 6A56497D2F3E522500BB0C4D /* PostCard.swift */; };
		6A56498A2F3E522500BB0C4D /* PostInputBar.swift in Sources */ = {isa = PBXBuildFile; fileRef = 6A5649802F3E522500BB0C4D /* PostInputBar.swift */; };
		6A56498B2F3E522500BB0C4D /* CircleCard.swift in Sources */ = {isa = PBXBuildFile; fileRef = 6A5649772F3E522500BB0C4D /* CircleCard.swift */; };
		6A56498C2F3E522500BB0C4D /* PositionCircleIndicator.swift in Sources */ = {isa = PBXBuildFile; fileRef = 6A56497B2F3E522500BB0C4D /* PositionCircleIndicator.swift */; };
		6A56498D2F3E522500BB0C4D /* SelectionCard.swift in Sources */ = {isa = PBXBuildFile; fileRef = 6A5649822F3E522500BB0C4D /* SelectionCard.swift */; };
		6A56498E2F3E522500BB0C4D /* SegmentedControl.swift in Sources */ = {isa = PBXBuildFile; fileRef = 6A5649812F3E522500BB0C4D /* SegmentedControl.swift */; };
		6A56498F2F3E522500BB0C4D /* AvatarStack.swift in Sources */ = {isa = PBXBuildFile; fileRef = 6A5649742F3E522500BB0C4D /* AvatarStack.swift */; };
		6A5649902F3E522500BB0C4D /* CirclePositionRow.swift in Sources */ = {isa = PBXBuildFile; fileRef = 6A5649782F3E522500BB0C4D /* CirclePositionRow.swift */; };
		6A5649912F3E522500BB0C4D /* JoinCircleSheet.swift in Sources */ = {isa = PBXBuildFile; fileRef = 6A56497A2F3E522500BB0C4D /* JoinCircleSheet.swift */; };
		6A5649922F3E522500BB0C4D /* BalanceCard.swift in Sources */ = {isa = PBXBuildFile; fileRef = 6A5649752F3E522500BB0C4D /* BalanceCard.swift */; };
		6A5649932F3E522500BB0C4D /* PostContent.swift in Sources */ = {isa = PBXBuildFile; fileRef = 6A56497E2F3E522500BB0C4D /* PostContent.swift */; };
		6A5649942F3E522500BB0C4D /* SheetIntro.swift in Sources */ = {isa = PBXBuildFile; fileRef = 6A5649832F3E522500BB0C4D /* SheetIntro.swift */; };
		6A5649952F3E522500BB0C4D /* SpinningLoader.swift in Sources */ = {isa = PBXBuildFile; fileRef = 6A5649842F3E522500BB0C4D /* SpinningLoader.swift */; };
		6A5649962F3E522500BB0C4D /* StatusPill.swift in Sources */ = {isa = PBXBuildFile; fileRef = 6A5649852F3E522500BB0C4D /* StatusPill.swift */; };
		6A5649972F3E522500BB0C4D /* CategoryTag.swift in Sources */ = {isa = PBXBuildFile; fileRef = 6A5649762F3E522500BB0C4D /* CategoryTag.swift */; };
		6A5649982F3E522500BB0C4D /* CommentSection.swift in Sources */ = {isa = PBXBuildFile; fileRef = 6A5649792F3E522500BB0C4D /* CommentSection.swift */; };
		6A5649992F3E522500BB0C4D /* TabBar.swift in Sources */ = {isa = PBXBuildFile; fileRef = 6A5649862F3E522500BB0C4D /* TabBar.swift */; };
		6A56499A2F3E522500BB0C4D /* TransactionRow.swift in Sources */ = {isa = PBXBuildFile; fileRef = 6A5649872F3E522500BB0C4D /* TransactionRow.swift */; };
		6A56499B2F3E522500BB0C4D /* PostHeader.swift in Sources */ = {isa = PBXBuildFile; fileRef = 6A56497F2F3E522500BB0C4D /* PostHeader.swift */; };
		1B20852D82BB4BCA85F25708 /* KYCVerificationView.swift in Sources */ = {isa = PBXBuildFile; fileRef = 83D172B2DEB64987BDEFDCF2 /* KYCVerificationView.swift */; };
		F0514022CF184C2B8E4CF847 /* KYCSteps.swift in Sources */ = {isa = PBXBuildFile; fileRef = 4498192B1EE94062AF27A116 /* KYCSteps.swift */; };
		08E422D055EA4534A61DED96 /* ImageUploadCard.swift in Sources */ = {isa = PBXBuildFile; fileRef = B5EFBEFABCC34FD3B9A9B991 /* ImageUploadCard.swift */; };
		6A7C3A362F3E59F800F658D8 /* User.swift in Sources */ = {isa = PBXBuildFile; fileRef = 6A7C3A342F3E59F800F658D8 /* User.swift */; };
		6A7C3A372F3E59F800F658D8 /* Post.swift in Sources */ = {isa = PBXBuildFile; fileRef = 6A7C3A322F3E59F800F658D8 /* Post.swift */; };
		6A7C3A382F3E59F800F658D8 /* Comment.swift in Sources */ = {isa = PBXBuildFile; fileRef = 6A7C3A312F3E59F800F658D8 /* Comment.swift */; };
		6A7C3A392F3E59F800F658D8 /* Transaction.swift in Sources */ = {isa = PBXBuildFile; fileRef = 6A7C3A332F3E59F800F658D8 /* Transaction.swift */; };
		6A7C3A3A2F3E59F800F658D8 /* Circle.swift in Sources */ = {isa = PBXBuildFile; fileRef = 6A7C3A302F3E59F800F658D8 /* Circle.swift */; };
		6A7C3A552F3E5B3500F658D8 /* CircleMockData.swift in Sources */ = {isa = PBXBuildFile; fileRef = 6A7C3A532F3E5B3500F658D8 /* CircleMockData.swift */; };
		6A7C3A562F3E5B3500F658D8 /* TransactionMockData.swift in Sources */ = {isa = PBXBuildFile; fileRef = 6A7C3A542F3E5B3500F658D8 /* TransactionMockData.swift */; };
		6A7C3A7C2F3E5D7300F658D8 /* SurveyStep2.swift in Sources */ = {isa = PBXBuildFile; fileRef = 6A7C3A782F3E5D7300F658D8 /* SurveyStep2.swift */; };
		6A7C3A7D2F3E5D7300F658D8 /* CircleDetailView.swift in Sources */ = {isa = PBXBuildFile; fileRef = 6A7C3A712F3E5D7300F658D8 /* CircleDetailView.swift */; };
		6A7C3A7E2F3E5D7300F658D8 /* MoneyView.swift in Sources */ = {isa = PBXBuildFile; fileRef = 6A7C3A732F3E5D7300F658D8 /* MoneyView.swift */; };
		6A7C3A7F2F3E5D7300F658D8 /* CirclesView.swift in Sources */ = {isa = PBXBuildFile; fileRef = 6A7C3A722F3E5D7300F658D8 /* CirclesView.swift */; };
		6A7C3A802F3E5D7300F658D8 /* SkeletonLoadingView.swift in Sources */ = {isa = PBXBuildFile; fileRef = 6A7C3A742F3E5D7300F658D8 /* SkeletonLoadingView.swift */; };
		6A7C3A812F3E5D7300F658D8 /* SurveyIntro.swift in Sources */ = {isa = PBXBuildFile; fileRef = 6A7C3A762F3E5D7300F658D8 /* SurveyIntro.swift */; };
		6A7C3A822F3E5D7300F658D8 /* SurveyStep3.swift in Sources */ = {isa = PBXBuildFile; fileRef = 6A7C3A792F3E5D7300F658D8 /* SurveyStep3.swift */; };
		6A7C3A832F3E5D7300F658D8 /* UserSegmentationSurveyView.swift in Sources */ = {isa = PBXBuildFile; fileRef = 6A7C3A7B2F3E5D7300F658D8 /* UserSegmentationSurveyView.swift */; };
		6A7C3A842F3E5D7300F658D8 /* SocialFeedView.swift in Sources */ = {isa = PBXBuildFile; fileRef = 6A7C3A752F3E5D7300F658D8 /* SocialFeedView.swift */; };
		6A7C3A852F3E5D7300F658D8 /* SurveyStep1.swift in Sources */ = {isa = PBXBuildFile; fileRef = 6A7C3A772F3E5D7300F658D8 /* SurveyStep1.swift */; };
		6A7C3A862F3E5D7300F658D8 /* TabContainerView.swift in Sources */ = {isa = PBXBuildFile; fileRef = 6A7C3A7A2F3E5D7300F658D8 /* TabContainerView.swift */; };
		6A7C3A8A2F3E9FBE00F658D8 /* MemberCard.swift in Sources */ = {isa = PBXBuildFile; fileRef = 6A7C3A892F3E9FBE00F658D8 /* MemberCard.swift */; };
		6A7C3A8E2F3EAEAF00F658D8 /* PaymentScheduleSection.swift in Sources */ = {isa = PBXBuildFile; fileRef = 6A7C3A8C2F3EAEAF00F658D8 /* PaymentScheduleSection.swift */; };
		6A7C3A8F2F3EAEAF00F658D8 /* PaymentDateCard.swift in Sources */ = {isa = PBXBuildFile; fileRef = 6A7C3A8B2F3EAEAF00F658D8 /* PaymentDateCard.swift */; };
		6A7C3A902F3EAEAF00F658D8 /* VacantPositionCard.swift in Sources */ = {isa = PBXBuildFile; fileRef = 6A7C3A8D2F3EAEAF00F658D8 /* VacantPositionCard.swift */; };
		700749B64A1A47D09F5D8D06 /* ButtonDock.swift in Sources */ = {isa = PBXBuildFile; fileRef = 1F2577A0ECE7419C813B4142 /* ButtonDock.swift */; };
		89D935A24E7141BA88FE386C /* TANDAColors.swift in Sources */ = {isa = PBXBuildFile; fileRef = B060CC99DF434FB48AFC529B /* TANDAColors.swift */; };
		A154B6B2E59746089F48DB30 /* TANDATypography.swift in Sources */ = {isa = PBXBuildFile; fileRef = 46FB550B48AE4FF7B8871627 /* TANDATypography.swift */; };
		B85431870C20468EBE1FCBAB /* TANDARadius.swift in Sources */ = {isa = PBXBuildFile; fileRef = 2942F3B0CA774E5A8A72F55D /* TANDARadius.swift */; };
		D25C4AA923F64179A24E4A67 /* SheetHeader.swift in Sources */ = {isa = PBXBuildFile; fileRef = 3B30E076D4DF4E73881842CF /* SheetHeader.swift */; };
		DD6CED49006F4693B4AC87DD /* TANDASpacing.swift in Sources */ = {isa = PBXBuildFile; fileRef = 27F6184C4C144869884A0149 /* TANDASpacing.swift */; };
		E2C74D2057E54E7DAF5A3199 /* PrimaryButton.swift in Sources */ = {isa = PBXBuildFile; fileRef = 0AEC6AB176A4469CBB5C7093 /* PrimaryButton.swift */; };
/* End PBXBuildFile section */

/* Begin PBXFileReference section */
		05E6886AC60E40F8AA11E375 /* Assets.xcassets */ = {isa = PBXFileReference; lastKnownFileType = folder.assetcatalog; path = Assets.xcassets; sourceTree = "<group>"; };
		0AEC6AB176A4469CBB5C7093 /* PrimaryButton.swift */ = {isa = PBXFileReference; lastKnownFileType = sourcecode.swift; path = PrimaryButton.swift; sourceTree = "<group>"; };
		19CBD829BAE84196A13F68DC /* Input.swift */ = {isa = PBXFileReference; lastKnownFileType = sourcecode.swift; path = Input.swift; sourceTree = "<group>"; };
		1F2577A0ECE7419C813B4142 /* ButtonDock.swift */ = {isa = PBXFileReference; lastKnownFileType = sourcecode.swift; path = ButtonDock.swift; sourceTree = "<group>"; };
		27F6184C4C144869884A0149 /* TANDASpacing.swift */ = {isa = PBXFileReference; lastKnownFileType = sourcecode.swift; path = TANDASpacing.swift; sourceTree = "<group>"; };
		2942F3B0CA774E5A8A72F55D /* TANDARadius.swift */ = {isa = PBXFileReference; lastKnownFileType = sourcecode.swift; path = TANDARadius.swift; sourceTree = "<group>"; };
		3B30E076D4DF4E73881842CF /* SheetHeader.swift */ = {isa = PBXFileReference; lastKnownFileType = sourcecode.swift; path = SheetHeader.swift; sourceTree = "<group>"; };
		425AAA88C9DE4EB7B8A49091 /* SheetLayout.swift */ = {isa = PBXFileReference; fileEncoding = 4; lastKnownFileType = sourcecode.swift; path = SheetLayout.swift; sourceTree = "<group>"; };
		46FB550B48AE4FF7B8871627 /* TANDATypography.swift */ = {isa = PBXFileReference; lastKnownFileType = sourcecode.swift; path = TANDATypography.swift; sourceTree = "<group>"; };
		6A2C7F6E2F3955C900BA430D /* CelebrationView.swift */ = {isa = PBXFileReference; lastKnownFileType = sourcecode.swift; path = CelebrationView.swift; sourceTree = "<group>"; };
		6A2C7F6F2F3955C900BA430D /* CreatePasswordStep.swift */ = {isa = PBXFileReference; lastKnownFileType = sourcecode.swift; path = CreatePasswordStep.swift; sourceTree = "<group>"; };
		6A2C7F702F3955C900BA430D /* EmailVerificationView.swift */ = {isa = PBXFileReference; lastKnownFileType = sourcecode.swift; path = EmailVerificationView.swift; sourceTree = "<group>"; };
		6A2C7F712F3955C900BA430D /* LegalStep.swift */ = {isa = PBXFileReference; lastKnownFileType = sourcecode.swift; path = LegalStep.swift; sourceTree = "<group>"; };
		6A2C7F722F3955C900BA430D /* NameStep.swift */ = {isa = PBXFileReference; lastKnownFileType = sourcecode.swift; path = NameStep.swift; sourceTree = "<group>"; };
		6A2C7F732F3955C900BA430D /* OnboardingContainerView.swift */ = {isa = PBXFileReference; lastKnownFileType = sourcecode.swift; path = OnboardingContainerView.swift; sourceTree = "<group>"; };
		6A2C7F742F3955C900BA430D /* OnboardingSplash.swift */ = {isa = PBXFileReference; lastKnownFileType = sourcecode.swift; path = OnboardingSplash.swift; sourceTree = "<group>"; };
		6A2C7F752F3955C900BA430D /* PasswordLoginSheet.swift */ = {isa = PBXFileReference; lastKnownFileType = sourcecode.swift; path = PasswordLoginSheet.swift; sourceTree = "<group>"; };
		6A2C7F762F3955C900BA430D /* PasswordStrengthBar.swift */ = {isa = PBXFileReference; lastKnownFileType = sourcecode.swift; path = PasswordStrengthBar.swift; sourceTree = "<group>"; };
		6A2C7F772F3955C900BA430D /* PhotoStep.swift */ = {isa = PBXFileReference; lastKnownFileType = sourcecode.swift; path = PhotoStep.swift; sourceTree = "<group>"; };
		6A2C7F782F3955C900BA430D /* SignUpSheet.swift */ = {isa = PBXFileReference; lastKnownFileType = sourcecode.swift; path = SignUpSheet.swift; sourceTree = "<group>"; };
		6A2C7F792F3955C900BA430D /* TANDAApp.swift */ = {isa = PBXFileReference; lastKnownFileType = sourcecode.swift; path = TANDAApp.swift; sourceTree = "<group>"; };
		6A2C7F7A2F3955C900BA430D /* AuthButton.swift */ = {isa = PBXFileReference; lastKnownFileType = sourcecode.swift; path = AuthButton.swift; sourceTree = "<group>"; };
		6A2C7F7B2F3955C900BA430D /* AvatarUpload.swift */ = {isa = PBXFileReference; lastKnownFileType = sourcecode.swift; path = AvatarUpload.swift; sourceTree = "<group>"; };
		6A2C7F7C2F3955C900BA430D /* Checkbox.swift */ = {isa = PBXFileReference; lastKnownFileType = sourcecode.swift; path = Checkbox.swift; sourceTree = "<group>"; };
		6A2C7F7D2F3955C900BA430D /* Divider.swift */ = {isa = PBXFileReference; lastKnownFileType = sourcecode.swift; path = Divider.swift; sourceTree = "<group>"; };
		6A2C7F7E2F3955C900BA430D /* OTPInput.swift */ = {isa = PBXFileReference; lastKnownFileType = sourcecode.swift; path = OTPInput.swift; sourceTree = "<group>"; };
		6A2C7F7F2F3955C900BA430D /* ProgressBar.swift */ = {isa = PBXFileReference; lastKnownFileType = sourcecode.swift; path = ProgressBar.swift; sourceTree = "<group>"; };
		6A5649742F3E522500BB0C4D /* AvatarStack.swift */ = {isa = PBXFileReference; lastKnownFileType = sourcecode.swift; path = AvatarStack.swift; sourceTree = "<group>"; };
		6A5649752F3E522500BB0C4D /* BalanceCard.swift */ = {isa = PBXFileReference; lastKnownFileType = sourcecode.swift; path = BalanceCard.swift; sourceTree = "<group>"; };
		6A5649762F3E522500BB0C4D /* CategoryTag.swift */ = {isa = PBXFileReference; lastKnownFileType = sourcecode.swift; path = CategoryTag.swift; sourceTree = "<group>"; };
		6A5649772F3E522500BB0C4D /* CircleCard.swift */ = {isa = PBXFileReference; lastKnownFileType = sourcecode.swift; path = CircleCard.swift; sourceTree = "<group>"; };
		6A5649782F3E522500BB0C4D /* CirclePositionRow.swift */ = {isa = PBXFileReference; lastKnownFileType = sourcecode.swift; path = CirclePositionRow.swift; sourceTree = "<group>"; };
		6A5649792F3E522500BB0C4D /* CommentSection.swift */ = {isa = PBXFileReference; lastKnownFileType = sourcecode.swift; path = CommentSection.swift; sourceTree = "<group>"; };
		6A56497A2F3E522500BB0C4D /* JoinCircleSheet.swift */ = {isa = PBXFileReference; lastKnownFileType = sourcecode.swift; path = JoinCircleSheet.swift; sourceTree = "<group>"; };
		6A56497B2F3E522500BB0C4D /* PositionCircleIndicator.swift */ = {isa = PBXFileReference; lastKnownFileType = sourcecode.swift; path = PositionCircleIndicator.swift; sourceTree = "<group>"; };
		6A56497C2F3E522500BB0C4D /* PostActions.swift */ = {isa = PBXFileReference; lastKnownFileType = sourcecode.swift; path = PostActions.swift; sourceTree = "<group>"; };
		6A56497D2F3E522500BB0C4D /* PostCard.swift */ = {isa = PBXFileReference; lastKnownFileType = sourcecode.swift; path = PostCard.swift; sourceTree = "<group>"; };
		6A56497E2F3E522500BB0C4D /* PostContent.swift */ = {isa = PBXFileReference; lastKnownFileType = sourcecode.swift; path = PostContent.swift; sourceTree = "<group>"; };
		6A56497F2F3E522500BB0C4D /* PostHeader.swift */ = {isa = PBXFileReference; lastKnownFileType = sourcecode.swift; path = PostHeader.swift; sourceTree = "<group>"; };
		6A5649802F3E522500BB0C4D /* PostInputBar.swift */ = {isa = PBXFileReference; lastKnownFileType = sourcecode.swift; path = PostInputBar.swift; sourceTree = "<group>"; };
		6A5649812F3E522500BB0C4D /* SegmentedControl.swift */ = {isa = PBXFileReference; lastKnownFileType = sourcecode.swift; path = SegmentedControl.swift; sourceTree = "<group>"; };
		6A5649822F3E522500BB0C4D /* SelectionCard.swift */ = {isa = PBXFileReference; lastKnownFileType = sourcecode.swift; path = SelectionCard.swift; sourceTree = "<group>"; };
		6A5649832F3E522500BB0C4D /* SheetIntro.swift */ = {isa = PBXFileReference; lastKnownFileType = sourcecode.swift; path = SheetIntro.swift; sourceTree = "<group>"; };
		6A5649842F3E522500BB0C4D /* SpinningLoader.swift */ = {isa = PBXFileReference; lastKnownFileType = sourcecode.swift; path = SpinningLoader.swift; sourceTree = "<group>"; };
		6A5649852F3E522500BB0C4D /* StatusPill.swift */ = {isa = PBXFileReference; lastKnownFileType = sourcecode.swift; path = StatusPill.swift; sourceTree = "<group>"; };
		6A5649862F3E522500BB0C4D /* TabBar.swift */ = {isa = PBXFileReference; lastKnownFileType = sourcecode.swift; path = TabBar.swift; sourceTree = "<group>"; };
		6A5649872F3E522500BB0C4D /* TransactionRow.swift */ = {isa = PBXFileReference; lastKnownFileType = sourcecode.swift; path = TransactionRow.swift; sourceTree = "<group>"; };
		83D172B2DEB64987BDEFDCF2 /* KYCVerificationView.swift */ = {isa = PBXFileReference; lastKnownFileType = sourcecode.swift; path = KYCVerificationView.swift; sourceTree = "<group>"; };
		4498192B1EE94062AF27A116 /* KYCSteps.swift */ = {isa = PBXFileReference; lastKnownFileType = sourcecode.swift; path = KYCSteps.swift; sourceTree = "<group>"; };
		B5EFBEFABCC34FD3B9A9B991 /* ImageUploadCard.swift */ = {isa = PBXFileReference; lastKnownFileType = sourcecode.swift; path = ImageUploadCard.swift; sourceTree = "<group>"; };
		6A7C3A302F3E59F800F658D8 /* Circle.swift */ = {isa = PBXFileReference; lastKnownFileType = sourcecode.swift; path = Circle.swift; sourceTree = "<group>"; };
		6A7C3A312F3E59F800F658D8 /* Comment.swift */ = {isa = PBXFileReference; lastKnownFileType = sourcecode.swift; path = Comment.swift; sourceTree = "<group>"; };
		6A7C3A322F3E59F800F658D8 /* Post.swift */ = {isa = PBXFileReference; lastKnownFileType = sourcecode.swift; path = Post.swift; sourceTree = "<group>"; };
		6A7C3A332F3E59F800F658D8 /* Transaction.swift */ = {isa = PBXFileReference; lastKnownFileType = sourcecode.swift; path = Transaction.swift; sourceTree = "<group>"; };
		6A7C3A342F3E59F800F658D8 /* User.swift */ = {isa = PBXFileReference; lastKnownFileType = sourcecode.swift; path = User.swift; sourceTree = "<group>"; };
		6A7C3A532F3E5B3500F658D8 /* CircleMockData.swift */ = {isa = PBXFileReference; lastKnownFileType = sourcecode.swift; path = CircleMockData.swift; sourceTree = "<group>"; };
		6A7C3A542F3E5B3500F658D8 /* TransactionMockData.swift */ = {isa = PBXFileReference; lastKnownFileType = sourcecode.swift; path = TransactionMockData.swift; sourceTree = "<group>"; };
		6A7C3A712F3E5D7300F658D8 /* CircleDetailView.swift */ = {isa = PBXFileReference; lastKnownFileType = sourcecode.swift; path = CircleDetailView.swift; sourceTree = "<group>"; };
		6A7C3A722F3E5D7300F658D8 /* CirclesView.swift */ = {isa = PBXFileReference; lastKnownFileType = sourcecode.swift; path = CirclesView.swift; sourceTree = "<group>"; };
		6A7C3A732F3E5D7300F658D8 /* MoneyView.swift */ = {isa = PBXFileReference; lastKnownFileType = sourcecode.swift; path = MoneyView.swift; sourceTree = "<group>"; };
		6A7C3A742F3E5D7300F658D8 /* SkeletonLoadingView.swift */ = {isa = PBXFileReference; lastKnownFileType = sourcecode.swift; path = SkeletonLoadingView.swift; sourceTree = "<group>"; };
		6A7C3A752F3E5D7300F658D8 /* SocialFeedView.swift */ = {isa = PBXFileReference; lastKnownFileType = sourcecode.swift; path = SocialFeedView.swift; sourceTree = "<group>"; };
		6A7C3A762F3E5D7300F658D8 /* SurveyIntro.swift */ = {isa = PBXFileReference; lastKnownFileType = sourcecode.swift; path = SurveyIntro.swift; sourceTree = "<group>"; };
		6A7C3A772F3E5D7300F658D8 /* SurveyStep1.swift */ = {isa = PBXFileReference; lastKnownFileType = sourcecode.swift; path = SurveyStep1.swift; sourceTree = "<group>"; };
		6A7C3A782F3E5D7300F658D8 /* SurveyStep2.swift */ = {isa = PBXFileReference; lastKnownFileType = sourcecode.swift; path = SurveyStep2.swift; sourceTree = "<group>"; };
		6A7C3A792F3E5D7300F658D8 /* SurveyStep3.swift */ = {isa = PBXFileReference; lastKnownFileType = sourcecode.swift; path = SurveyStep3.swift; sourceTree = "<group>"; };
		6A7C3A7A2F3E5D7300F658D8 /* TabContainerView.swift */ = {isa = PBXFileReference; lastKnownFileType = sourcecode.swift; path = TabContainerView.swift; sourceTree = "<group>"; };
		6A7C3A7B2F3E5D7300F658D8 /* UserSegmentationSurveyView.swift */ = {isa = PBXFileReference; lastKnownFileType = sourcecode.swift; path = UserSegmentationSurveyView.swift; sourceTree = "<group>"; };
		6A7C3A892F3E9FBE00F658D8 /* MemberCard.swift */ = {isa = PBXFileReference; lastKnownFileType = sourcecode.swift; path = MemberCard.swift; sourceTree = "<group>"; };
		6A7C3A8B2F3EAEAF00F658D8 /* PaymentDateCard.swift */ = {isa = PBXFileReference; lastKnownFileType = sourcecode.swift; path = PaymentDateCard.swift; sourceTree = "<group>"; };
		6A7C3A8C2F3EAEAF00F658D8 /* PaymentScheduleSection.swift */ = {isa = PBXFileReference; lastKnownFileType = sourcecode.swift; path = PaymentScheduleSection.swift; sourceTree = "<group>"; };
		6A7C3A8D2F3EAEAF00F658D8 /* VacantPositionCard.swift */ = {isa = PBXFileReference; lastKnownFileType = sourcecode.swift; path = VacantPositionCard.swift; sourceTree = "<group>"; };
		6F56501413E34386A09B826D /* PageView.swift */ = {isa = PBXFileReference; lastKnownFileType = sourcecode.swift; path = PageView.swift; sourceTree = "<group>"; };
		7B515447A9B844B2A71ED1CB /* TANDA.app */ = {isa = PBXFileReference; explicitFileType = wrapper.application; includeInIndex = 0; path = TANDA.app; sourceTree = BUILT_PRODUCTS_DIR; };
		82E49CCA0A594AA2AA73E24D /* Preview Assets.xcassets */ = {isa = PBXFileReference; lastKnownFileType = folder.assetcatalog; path = "Preview Assets.xcassets"; sourceTree = "<group>"; };
		B060CC99DF434FB48AFC529B /* TANDAColors.swift */ = {isa = PBXFileReference; lastKnownFileType = sourcecode.swift; path = TANDAColors.swift; sourceTree = "<group>"; };
		BAB33DAA41C449B98E32AD49 /* MockData.swift */ = {isa = PBXFileReference; lastKnownFileType = sourcecode.swift; path = MockData.swift; sourceTree = "<group>"; };
		D018F79436F54921883352FC /* ExploreCirclesIntroView.swift */ = {isa = PBXFileReference; lastKnownFileType = sourcecode.swift; path = ExploreCirclesIntroView.swift; sourceTree = "<group>"; };
/* End PBXFileReference section */

/* Begin PBXFrameworksBuildPhase section */
		F1BC253D4DF6423380643A3F /* Frameworks */ = {
			isa = PBXFrameworksBuildPhase;
			buildActionMask = 2147483647;
			files = (
			);
			runOnlyForDeploymentPostprocessing = 0;
		};
/* End PBXFrameworksBuildPhase section */

/* Begin PBXGroup section */
		3CDA73DACCA142178A792774 /* Preview Content */ = {
			isa = PBXGroup;
			children = (
				82E49CCA0A594AA2AA73E24D /* Preview Assets.xcassets */,
			);
			path = "Preview Content";
			sourceTree = "<group>";
		};
		4B7DCF0AB27B4B63B1CD1DC4 /* Mock */ = {
			isa = PBXGroup;
			children = (
				6A7C3A532F3E5B3500F658D8 /* CircleMockData.swift */,
				6A7C3A542F3E5B3500F658D8 /* TransactionMockData.swift */,
				BAB33DAA41C449B98E32AD49 /* MockData.swift */,
			);
			path = Mock;
			sourceTree = "<group>";
		};
		6A7C3A352F3E59F800F658D8 /* Models */ = {
			isa = PBXGroup;
			children = (
				6A7C3A302F3E59F800F658D8 /* Circle.swift */,
				6A7C3A312F3E59F800F658D8 /* Comment.swift */,
				6A7C3A322F3E59F800F658D8 /* Post.swift */,
				6A7C3A332F3E59F800F658D8 /* Transaction.swift */,
				6A7C3A342F3E59F800F658D8 /* User.swift */,
			);
			path = Models;
			sourceTree = "<group>";
		};
		6A9271382F3AF67800A321FE /* Fonts */ = {
			isa = PBXGroup;
			children = (
			);
			path = Fonts;
			sourceTree = "<group>";
		};
		793E617C52AE4E6E9F4A61A7 /* Resources */ = {
			isa = PBXGroup;
			children = (
			);
			path = Resources;
			sourceTree = "<group>";
		};
		9395D68EAE724D079909AAA9 /* TANDA */ = {
			isa = PBXGroup;
			children = (
				6A9271382F3AF67800A321FE /* Fonts */,
				C329120D2ED64C849C5ACDF2 /* App */,
				A2A713275F9A46CCA28FBE69 /* Tokens */,
				C63D4EE25DFA43B69175C2E1 /* Components */,
				4B7DCF0AB27B4B63B1CD1DC4 /* Mock */,
				793E617C52AE4E6E9F4A61A7 /* Resources */,
				05E6886AC60E40F8AA11E375 /* Assets.xcassets */,
				3CDA73DACCA142178A792774 /* Preview Content */,
				9D77712BD7B14313AC8F399A /* Products */,
				6A7C3A352F3E59F800F658D8 /* Models */,
			);
			path = TANDA;
			sourceTree = "<group>";
		};
		9D77712BD7B14313AC8F399A /* Products */ = {
			isa = PBXGroup;
			children = (
				7B515447A9B844B2A71ED1CB /* TANDA.app */,
			);
			path = Products;
			sourceTree = "<group>";
		};
		A2A713275F9A46CCA28FBE69 /* Tokens */ = {
			isa = PBXGroup;
			children = (
				B060CC99DF434FB48AFC529B /* TANDAColors.swift */,
				27F6184C4C144869884A0149 /* TANDASpacing.swift */,
				2942F3B0CA774E5A8A72F55D /* TANDARadius.swift */,
				46FB550B48AE4FF7B8871627 /* TANDATypography.swift */,
			);
			path = Tokens;
			sourceTree = "<group>";
		};
		C329120D2ED64C849C5ACDF2 /* App */ = {
			isa = PBXGroup;
			children = (
				6A7C3A712F3E5D7300F658D8 /* CircleDetailView.swift */,
				6A7C3A722F3E5D7300F658D8 /* CirclesView.swift */,
				6A7C3A732F3E5D7300F658D8 /* MoneyView.swift */,
				6A7C3A742F3E5D7300F658D8 /* SkeletonLoadingView.swift */,
				6A7C3A752F3E5D7300F658D8 /* SocialFeedView.swift */,
				6A7C3A762F3E5D7300F658D8 /* SurveyIntro.swift */,
				6A7C3A772F3E5D7300F658D8 /* SurveyStep1.swift */,
				6A7C3A782F3E5D7300F658D8 /* SurveyStep2.swift */,
				6A7C3A792F3E5D7300F658D8 /* SurveyStep3.swift */,
				6A7C3A7A2F3E5D7300F658D8 /* TabContainerView.swift */,
				6A7C3A7B2F3E5D7300F658D8 /* UserSegmentationSurveyView.swift */,
				6A2C7F6E2F3955C900BA430D /* CelebrationView.swift */,
				6A2C7F6F2F3955C900BA430D /* CreatePasswordStep.swift */,
				6A2C7F702F3955C900BA430D /* EmailVerificationView.swift */,
				D018F79436F54921883352FC /* ExploreCirclesIntroView.swift */,
				83D172B2DEB64987BDEFDCF2 /* KYCVerificationView.swift */,
				4498192B1EE94062AF27A116 /* KYCSteps.swift */,
				6A2C7F712F3955C900BA430D /* LegalStep.swift */,
				6A2C7F722F3955C900BA430D /* NameStep.swift */,
				6A2C7F732F3955C900BA430D /* OnboardingContainerView.swift */,
				6A2C7F742F3955C900BA430D /* OnboardingSplash.swift */,
				6A2C7F752F3955C900BA430D /* PasswordLoginSheet.swift */,
				6A2C7F772F3955C900BA430D /* PhotoStep.swift */,
				6A2C7F782F3955C900BA430D /* SignUpSheet.swift */,
				6A2C7F792F3955C900BA430D /* TANDAApp.swift */,
			);
			path = App;
			sourceTree = "<group>";
		};
		C63D4EE25DFA43B69175C2E1 /* Components */ = {
			isa = PBXGroup;
			children = (
				6A7C3A8B2F3EAEAF00F658D8 /* PaymentDateCard.swift */,
				6A7C3A8C2F3EAEAF00F658D8 /* PaymentScheduleSection.swift */,
				6A7C3A8D2F3EAEAF00F658D8 /* VacantPositionCard.swift */,
				6A7C3A892F3E9FBE00F658D8 /* MemberCard.swift */,
				6A5649742F3E522500BB0C4D /* AvatarStack.swift */,
				6A5649752F3E522500BB0C4D /* BalanceCard.swift */,
				6A5649762F3E522500BB0C4D /* CategoryTag.swift */,
				6A5649772F3E522500BB0C4D /* CircleCard.swift */,
				6A5649782F3E522500BB0C4D /* CirclePositionRow.swift */,
				6A5649792F3E522500BB0C4D /* CommentSection.swift */,
				6A56497A2F3E522500BB0C4D /* JoinCircleSheet.swift */,
				6A56497B2F3E522500BB0C4D /* PositionCircleIndicator.swift */,
				6A56497C2F3E522500BB0C4D /* PostActions.swift */,
				6A56497D2F3E522500BB0C4D /* PostCard.swift */,
				6A56497E2F3E522500BB0C4D /* PostContent.swift */,
				6A56497F2F3E522500BB0C4D /* PostHeader.swift */,
				6A5649802F3E522500BB0C4D /* PostInputBar.swift */,
				6A5649812F3E522500BB0C4D /* SegmentedControl.swift */,
				6A5649822F3E522500BB0C4D /* SelectionCard.swift */,
				6A5649832F3E522500BB0C4D /* SheetIntro.swift */,
				6A5649842F3E522500BB0C4D /* SpinningLoader.swift */,
				6A5649852F3E522500BB0C4D /* StatusPill.swift */,
				6A5649862F3E522500BB0C4D /* TabBar.swift */,
				6A5649872F3E522500BB0C4D /* TransactionRow.swift */,
				B5EFBEFABCC34FD3B9A9B991 /* ImageUploadCard.swift */,
				0AEC6AB176A4469CBB5C7093 /* PrimaryButton.swift */,
				19CBD829BAE84196A13F68DC /* Input.swift */,
				6F56501413E34386A09B826D /* PageView.swift */,
				3B30E076D4DF4E73881842CF /* SheetHeader.swift */,
				425AAA88C9DE4EB7B8A49091 /* SheetLayout.swift */,
				1F2577A0ECE7419C813B4142 /* ButtonDock.swift */,
				6A2C7F762F3955C900BA430D /* PasswordStrengthBar.swift */,
				6A2C7F7A2F3955C900BA430D /* AuthButton.swift */,
				6A2C7F7B2F3955C900BA430D /* AvatarUpload.swift */,
				6A2C7F7C2F3955C900BA430D /* Checkbox.swift */,
				6A2C7F7D2F3955C900BA430D /* Divider.swift */,
				6A2C7F7E2F3955C900BA430D /* OTPInput.swift */,
				6A2C7F7F2F3955C900BA430D /* ProgressBar.swift */,
			);
			path = Components;
			sourceTree = "<group>";
		};
/* End PBXGroup section */

/* Begin PBXNativeTarget section */
		F1249C153C6B42D681C2E98C /* TANDA */ = {
			isa = PBXNativeTarget;
			buildConfigurationList = 54C53F384867479EA7F79830 /* Build configuration list for PBXNativeTarget "TANDA" */;
			buildPhases = (
				460174E1E9494A2987C0B8ED /* Sources */,
				F1BC253D4DF6423380643A3F /* Frameworks */,
				9DDAE4E44D0148D39256C99C /* Resources */,
			);
			buildRules = (
			);
			dependencies = (
			);
			name = TANDA;
			productName = TANDA;
			productReference = 7B515447A9B844B2A71ED1CB /* TANDA.app */;
			productType = "com.apple.product-type.application";
		};
/* End PBXNativeTarget section */

/* Begin PBXProject section */
		91BFA07A80384DE688BD2012 /* Project object */ = {
			isa = PBXProject;
			attributes = {
				BuildIndependentTargetsInParallel = 1;
				LastSwiftUpdateCheck = 1520;
				LastUpgradeCheck = 1520;
			};
			buildConfigurationList = ADB55B3A031C414CB44A5908 /* Build configuration list for PBXProject "TANDA" */;
			compatibilityVersion = "Xcode 14.0";
			developmentRegion = en;
			hasScannedForEncodings = 0;
			knownRegions = (
				en,
				Base,
			);
			mainGroup = 9395D68EAE724D079909AAA9 /* TANDA */;
			productRefGroup = 9D77712BD7B14313AC8F399A /* Products */;
			projectDirPath = "";
			projectRoot = "";
			targets = (
				F1249C153C6B42D681C2E98C /* TANDA */,
			);
		};
/* End PBXProject section */

/* Begin PBXResourcesBuildPhase section */
		9DDAE4E44D0148D39256C99C /* Resources */ = {
			isa = PBXResourcesBuildPhase;
			buildActionMask = 2147483647;
			files = (
				1157B371462A420EA983688F /* Assets.xcassets in Resources */,
			);
			runOnlyForDeploymentPostprocessing = 0;
		};
/* End PBXResourcesBuildPhase section */

/* Begin PBXSourcesBuildPhase section */
		460174E1E9494A2987C0B8ED /* Sources */ = {
			isa = PBXSourcesBuildPhase;
			buildActionMask = 2147483647;
			files = (
				89D935A24E7141BA88FE386C /* TANDAColors.swift in Sources */,
				DD6CED49006F4693B4AC87DD /* TANDASpacing.swift in Sources */,
				B85431870C20468EBE1FCBAB /* TANDARadius.swift in Sources */,
				A154B6B2E59746089F48DB30 /* TANDATypography.swift in Sources */,
				E2C74D2057E54E7DAF5A3199 /* PrimaryButton.swift in Sources */,
				539A8C189E194092B2062B96 /* Input.swift in Sources */,
				6A5649882F3E522500BB0C4D /* PostActions.swift in Sources */,
				6A5649892F3E522500BB0C4D /* PostCard.swift in Sources */,
				6A56498A2F3E522500BB0C4D /* PostInputBar.swift in Sources */,
				6A56498B2F3E522500BB0C4D /* CircleCard.swift in Sources */,
				6A56498C2F3E522500BB0C4D /* PositionCircleIndicator.swift in Sources */,
				6A56498D2F3E522500BB0C4D /* SelectionCard.swift in Sources */,
				6A56498E2F3E522500BB0C4D /* SegmentedControl.swift in Sources */,
				6A56498F2F3E522500BB0C4D /* AvatarStack.swift in Sources */,
				6A5649902F3E522500BB0C4D /* CirclePositionRow.swift in Sources */,
				6A5649912F3E522500BB0C4D /* JoinCircleSheet.swift in Sources */,
				6A5649922F3E522500BB0C4D /* BalanceCard.swift in Sources */,
				6A5649932F3E522500BB0C4D /* PostContent.swift in Sources */,
				6A5649942F3E522500BB0C4D /* SheetIntro.swift in Sources */,
				6A5649952F3E522500BB0C4D /* SpinningLoader.swift in Sources */,
				6A5649962F3E522500BB0C4D /* StatusPill.swift in Sources */,
				6A5649972F3E522500BB0C4D /* CategoryTag.swift in Sources */,
				6A5649982F3E522500BB0C4D /* CommentSection.swift in Sources */,
				6A7C3A362F3E59F800F658D8 /* User.swift in Sources */,
				6A7C3A372F3E59F800F658D8 /* Post.swift in Sources */,
				6A7C3A8A2F3E9FBE00F658D8 /* MemberCard.swift in Sources */,
				6A7C3A382F3E59F800F658D8 /* Comment.swift in Sources */,
				6A7C3A392F3E59F800F658D8 /* Transaction.swift in Sources */,
				6A7C3A3A2F3E59F800F658D8 /* Circle.swift in Sources */,
				6A5649992F3E522500BB0C4D /* TabBar.swift in Sources */,
				6A56499A2F3E522500BB0C4D /* TransactionRow.swift in Sources */,
				6A56499B2F3E522500BB0C4D /* PostHeader.swift in Sources */,
				1B20852D82BB4BCA85F25708 /* KYCVerificationView.swift in Sources */,
				F0514022CF184C2B8E4CF847 /* KYCSteps.swift in Sources */,
				08E422D055EA4534A61DED96 /* ImageUploadCard.swift in Sources */,
				48DDAA386F9B4CDFA600A00E /* PageView.swift in Sources */,
				6A7C3A8E2F3EAEAF00F658D8 /* PaymentScheduleSection.swift in Sources */,
				6A7C3A8F2F3EAEAF00F658D8 /* PaymentDateCard.swift in Sources */,
				6A7C3A902F3EAEAF00F658D8 /* VacantPositionCard.swift in Sources */,
				D25C4AA923F64179A24E4A67 /* SheetHeader.swift in Sources */,
				499CAECE07C5440D937BF241 /* SheetLayout.swift in Sources */,
				700749B64A1A47D09F5D8D06 /* ButtonDock.swift in Sources */,
				3474AC17FB8D4AB0AB0401FD /* MockData.swift in Sources */,
				6A2C7F802F3955C900BA430D /* TANDAApp.swift in Sources */,
				6A2C7F812F3955C900BA430D /* LegalStep.swift in Sources */,
				6A2C7F822F3955C900BA430D /* NameStep.swift in Sources */,
				6A2C7F832F3955C900BA430D /* PasswordStrengthBar.swift in Sources */,
				6A7C3A552F3E5B3500F658D8 /* CircleMockData.swift in Sources */,
				6A7C3A562F3E5B3500F658D8 /* TransactionMockData.swift in Sources */,
				6A2C7F842F3955C900BA430D /* EmailVerificationView.swift in Sources */,
				55E86FB2F7B2401DB5313B56 /* ExploreCirclesIntroView.swift in Sources */,
				6A2C7F852F3955C900BA430D /* PhotoStep.swift in Sources */,
				6A2C7F862F3955C900BA430D /* SignUpSheet.swift in Sources */,
				6A2C7F872F3955C900BA430D /* Divider.swift in Sources */,
				6A2C7F882F3955C900BA430D /* CreatePasswordStep.swift in Sources */,
				6A2C7F892F3955C900BA430D /* OnboardingContainerView.swift in Sources */,
				6A2C7F8A2F3955C900BA430D /* AuthButton.swift in Sources */,
				6A2C7F8B2F3955C900BA430D /* PasswordLoginSheet.swift in Sources */,
				6A2C7F8C2F3955C900BA430D /* CelebrationView.swift in Sources */,
				6A2C7F8D2F3955C900BA430D /* OnboardingSplash.swift in Sources */,
				6A2C7F8E2F3955C900BA430D /* Checkbox.swift in Sources */,
				6A2C7F8F2F3955C900BA430D /* OTPInput.swift in Sources */,
				6A2C7F902F3955C900BA430D /* ProgressBar.swift in Sources */,
				6A2C7F912F3955C900BA430D /* AvatarUpload.swift in Sources */,
				6A7C3A7C2F3E5D7300F658D8 /* SurveyStep2.swift in Sources */,
				6A7C3A7D2F3E5D7300F658D8 /* CircleDetailView.swift in Sources */,
				6A7C3A7E2F3E5D7300F658D8 /* MoneyView.swift in Sources */,
				6A7C3A7F2F3E5D7300F658D8 /* CirclesView.swift in Sources */,
				6A7C3A802F3E5D7300F658D8 /* SkeletonLoadingView.swift in Sources */,
				6A7C3A812F3E5D7300F658D8 /* SurveyIntro.swift in Sources */,
				6A7C3A822F3E5D7300F658D8 /* SurveyStep3.swift in Sources */,
				6A7C3A832F3E5D7300F658D8 /* UserSegmentationSurveyView.swift in Sources */,
				6A7C3A842F3E5D7300F658D8 /* SocialFeedView.swift in Sources */,
				6A7C3A852F3E5D7300F658D8 /* SurveyStep1.swift in Sources */,
				6A7C3A862F3E5D7300F658D8 /* TabContainerView.swift in Sources */,
			);
			runOnlyForDeploymentPostprocessing = 0;
		};
/* End PBXSourcesBuildPhase section */

/* Begin XCBuildConfiguration section */
		09F188D934F64E0DA3684289 /* Debug */ = {
			isa = XCBuildConfiguration;
			buildSettings = {
				ASSETCATALOG_COMPILER_APPICON_NAME = AppIcon;
				ASSETCATALOG_COMPILER_GLOBAL_ACCENT_COLOR_NAME = AccentColor;
				CODE_SIGN_STYLE = Automatic;
				CURRENT_PROJECT_VERSION = 1;
				DEVELOPMENT_ASSET_PATHS = "\"TANDA/Preview Content\"";
				ENABLE_PREVIEWS = YES;
				GENERATE_INFOPLIST_FILE = YES;
				INFOPLIST_KEY_UIApplicationSceneManifest_Generation = YES;
				INFOPLIST_KEY_UIApplicationSupportsIndirectInputEvents = YES;
				INFOPLIST_KEY_UILaunchScreen_Generation = YES;
				INFOPLIST_KEY_UISupportedInterfaceOrientations_iPad = "UIInterfaceOrientationPortrait UIInterfaceOrientationPortraitUpsideDown UIInterfaceOrientationLandscapeLeft UIInterfaceOrientationLandscapeRight";
				INFOPLIST_KEY_UISupportedInterfaceOrientations_iPhone = "UIInterfaceOrientationPortrait UIInterfaceOrientationLandscapeLeft UIInterfaceOrientationLandscapeRight";
				IPHONEOS_DEPLOYMENT_TARGET = 17.0;
				LD_RUNPATH_SEARCH_PATHS = (
					"$(inherited)",
					"@executable_path/Frameworks",
				);
				MARKETING_VERSION = 1.0;
				PRODUCT_BUNDLE_IDENTIFIER = com.tanda.app;
				PRODUCT_NAME = "$(TARGET_NAME)";
				SWIFT_EMIT_LOC_STRINGS = YES;
				SWIFT_VERSION = 5.0;
				TARGETED_DEVICE_FAMILY = "1,2";
			};
			name = Debug;
		};
		231D070C1FE244A395A0A9FB /* Release */ = {
			isa = XCBuildConfiguration;
			buildSettings = {
				ALWAYS_SEARCH_USER_PATHS = NO;
				ASSTMGR_THIN_ASSET_PACKS_BUILT_FOR_DISTRIBUTION = NO;
				CLANG_ANALYZER_NONNULL = YES;
				CLANG_ANALYZER_NUMBER_OBJECT_CONVERSION = YES_AGGRESSIVE;
				CLANG_CXX_LANGUAGE_STANDARD = "gnu++20";
				CLANG_ENABLE_MODULES = YES;
				CLANG_ENABLE_OBJC_ARC = YES;
				CLANG_ENABLE_OBJC_WEAK = YES;
				CLANG_WARN_BLOCK_CAPTURE_AUTORELEASING = YES;
				CLANG_WARN_BOOL_CONVERSION = YES;
				CLANG_WARN_COMMA = YES;
				CLANG_WARN_CONSTANT_CONVERSION = YES;
				CLANG_WARN_DEPRECATED_OBJC_IMPLEMENTATIONS = YES;
				CLANG_WARN_DIRECT_OBJC_ISA_USAGE = YES_ERROR;
				CLANG_WARN_DOCUMENTATION_COMMENTS = YES;
				CLANG_WARN_EMPTY_BODY = YES;
				CLANG_WARN_ENUM_CONVERSION = YES;
				CLANG_WARN_INFINITE_RECURSION = YES;
				CLANG_WARN_INT_CONVERSION = YES;
				CLANG_WARN_NON_LITERAL_NULL_CONVERSION = YES;
				CLANG_WARN_OBJC_IMPLICIT_RETAIN_SELF = YES;
				CLANG_WARN_OBJC_LITERAL_CONVERSION = YES;
				CLANG_WARN_OBJC_ROOT_CLASS = YES_ERROR;
				CLANG_WARN_QUOTED_INCLUDE_IN_FRAMEWORK_HEADER = YES;
				CLANG_WARN_RANGE_LOOP_ANALYSIS = YES;
				CLANG_WARN_STRICT_PROTOTYPES = YES;
				CLANG_WARN_SUSPICIOUS_MOVE = YES;
				CLANG_WARN_UNGUARDED_AVAILABILITY = YES_AGGRESSIVE;
				CLANG_WARN_UNREACHABLE_CODE = YES;
				CLANG_WARN__DUPLICATE_METHOD_MATCH = YES;
				COPY_PHASE_STRIP = NO;
				DEBUG_INFORMATION_FORMAT = "dwarf-with-dsym";
				ENABLE_NS_ASSERTIONS = NO;
				ENABLE_STRICT_OBJC_MSGSEND = YES;
				ENABLE_USER_SCRIPT_SANDBOXING = YES;
				GCC_C_LANGUAGE_STANDARD = gnu17;
				GCC_NO_COMMON_BLOCKS = YES;
				GCC_WARN_64_TO_32_BIT_CONVERSION = YES;
				GCC_WARN_ABOUT_RETURN_TYPE = YES_ERROR;
				GCC_WARN_UNDECLARED_SELECTOR = YES;
				GCC_WARN_UNINITIALIZED_AUTOS = YES_AGGRESSIVE;
				GCC_WARN_UNUSED_FUNCTION = YES;
				GCC_WARN_UNUSED_VARIABLE = YES;
				IPHONEOS_DEPLOYMENT_TARGET = 17.0;
				LOCALIZATION_PREFERS_STRING_CATALOGS = YES;
				MTL_ENABLE_DEBUG_INFO = NO;
				MTL_FAST_MATH = YES;
				SDKROOT = iphoneos;
				SWIFT_COMPILATION_MODE = wholemodule;
				VALIDATE_PRODUCT = YES;
			};
			name = Release;
		};
		5CB1F9A290EC42C4BB33EA4F /* Debug */ = {
			isa = XCBuildConfiguration;
			buildSettings = {
				ALWAYS_SEARCH_USER_PATHS = NO;
				ASSTMGR_THIN_ASSET_PACKS_BUILT_FOR_DISTRIBUTION = NO;
				CLANG_ANALYZER_NONNULL = YES;
				CLANG_ANALYZER_NUMBER_OBJECT_CONVERSION = YES_AGGRESSIVE;
				CLANG_CXX_LANGUAGE_STANDARD = "gnu++20";
				CLANG_ENABLE_MODULES = YES;
				CLANG_ENABLE_OBJC_ARC = YES;
				CLANG_ENABLE_OBJC_WEAK = YES;
				CLANG_WARN_BLOCK_CAPTURE_AUTORELEASING = YES;
				CLANG_WARN_BOOL_CONVERSION = YES;
				CLANG_WARN_COMMA = YES;
				CLANG_WARN_CONSTANT_CONVERSION = YES;
				CLANG_WARN_DEPRECATED_OBJC_IMPLEMENTATIONS = YES;
				CLANG_WARN_DIRECT_OBJC_ISA_USAGE = YES_ERROR;
				CLANG_WARN_DOCUMENTATION_COMMENTS = YES;
				CLANG_WARN_EMPTY_BODY = YES;
				CLANG_WARN_ENUM_CONVERSION = YES;
				CLANG_WARN_INFINITE_RECURSION = YES;
				CLANG_WARN_INT_CONVERSION = YES;
				CLANG_WARN_NON_LITERAL_NULL_CONVERSION = YES;
				CLANG_WARN_OBJC_IMPLICIT_RETAIN_SELF = YES;
				CLANG_WARN_OBJC_LITERAL_CONVERSION = YES;
				CLANG_WARN_OBJC_ROOT_CLASS = YES_ERROR;
				CLANG_WARN_QUOTED_INCLUDE_IN_FRAMEWORK_HEADER = YES;
				CLANG_WARN_RANGE_LOOP_ANALYSIS = YES;
				CLANG_WARN_STRICT_PROTOTYPES = YES;
				CLANG_WARN_SUSPICIOUS_MOVE = YES;
				CLANG_WARN_UNGUARDED_AVAILABILITY = YES_AGGRESSIVE;
				CLANG_WARN_UNREACHABLE_CODE = YES;
				CLANG_WARN__DUPLICATE_METHOD_MATCH = YES;
				COPY_PHASE_STRIP = NO;
				DEBUG_INFORMATION_FORMAT = dwarf;
				ENABLE_STRICT_OBJC_MSGSEND = YES;
				ENABLE_TESTABILITY = YES;
				ENABLE_USER_SCRIPT_SANDBOXING = YES;
				GCC_C_LANGUAGE_STANDARD = gnu17;
				GCC_DYNAMIC_NO_PIC = NO;
				GCC_NO_COMMON_BLOCKS = YES;
				GCC_OPTIMIZATION_LEVEL = 0;
				GCC_PREPROCESSOR_DEFINITIONS = (
					"DEBUG=1",
					"$(inherited)",
				);
				GCC_WARN_64_TO_32_BIT_CONVERSION = YES;
				GCC_WARN_ABOUT_RETURN_TYPE = YES_ERROR;
				GCC_WARN_UNDECLARED_SELECTOR = YES;
				GCC_WARN_UNINITIALIZED_AUTOS = YES_AGGRESSIVE;
				GCC_WARN_UNUSED_FUNCTION = YES;
				GCC_WARN_UNUSED_VARIABLE = YES;
				IPHONEOS_DEPLOYMENT_TARGET = 17.0;
				LOCALIZATION_PREFERS_STRING_CATALOGS = YES;
				MTL_ENABLE_DEBUG_INFO = INCLUDE_SOURCE;
				MTL_FAST_MATH = YES;
				ONLY_ACTIVE_ARCH = YES;
				SDKROOT = iphoneos;
				SWIFT_ACTIVE_COMPILATION_CONDITIONS = "$(inherited) DEBUG";
				SWIFT_OPTIMIZATION_LEVEL = "-Onone";
			};
			name = Debug;
		};
		FEC44BA47ED146AB9DAB0ED3 /* Release */ = {
			isa = XCBuildConfiguration;
			buildSettings = {
				ASSETCATALOG_COMPILER_APPICON_NAME = AppIcon;
				ASSETCATALOG_COMPILER_GLOBAL_ACCENT_COLOR_NAME = AccentColor;
				CODE_SIGN_STYLE = Automatic;
				CURRENT_PROJECT_VERSION = 1;
				DEVELOPMENT_ASSET_PATHS = "\"TANDA/Preview Content\"";
				ENABLE_PREVIEWS = YES;
				GENERATE_INFOPLIST_FILE = YES;
				INFOPLIST_KEY_UIApplicationSceneManifest_Generation = YES;
				INFOPLIST_KEY_UIApplicationSupportsIndirectInputEvents = YES;
				INFOPLIST_KEY_UILaunchScreen_Generation = YES;
				INFOPLIST_KEY_UISupportedInterfaceOrientations_iPad = "UIInterfaceOrientationPortrait UIInterfaceOrientationPortraitUpsideDown UIInterfaceOrientationLandscapeLeft UIInterfaceOrientationLandscapeRight";
				INFOPLIST_KEY_UISupportedInterfaceOrientations_iPhone = "UIInterfaceOrientationPortrait UIInterfaceOrientationLandscapeLeft UIInterfaceOrientationLandscapeRight";
				IPHONEOS_DEPLOYMENT_TARGET = 17.0;
				LD_RUNPATH_SEARCH_PATHS = (
					"$(inherited)",
					"@executable_path/Frameworks",
				);
				MARKETING_VERSION = 1.0;
				PRODUCT_BUNDLE_IDENTIFIER = com.tanda.app;
				PRODUCT_NAME = "$(TARGET_NAME)";
				SWIFT_EMIT_LOC_STRINGS = YES;
				SWIFT_VERSION = 5.0;
				TARGETED_DEVICE_FAMILY = "1,2";
			};
			name = Release;
		};
/* End XCBuildConfiguration section */

/* Begin XCConfigurationList section */
		54C53F384867479EA7F79830 /* Build configuration list for PBXNativeTarget "TANDA" */ = {
			isa = XCConfigurationList;
			buildConfigurations = (
				09F188D934F64E0DA3684289 /* Debug */,
				FEC44BA47ED146AB9DAB0ED3 /* Release */,
			);
			defaultConfigurationIsVisible = 0;
			defaultConfigurationName = Release;
		};
		ADB55B3A031C414CB44A5908 /* Build configuration list for PBXProject "TANDA" */ = {
			isa = XCConfigurationList;
			buildConfigurations = (
				5CB1F9A290EC42C4BB33EA4F /* Debug */,
				231D070C1FE244A395A0A9FB /* Release */,
			);
			defaultConfigurationIsVisible = 0;
			defaultConfigurationName = Release;
		};
/* End XCConfigurationList section */
	};
	rootObject = 91BFA07A80384DE688BD2012 /* Project object */;
}
